
Microsoft Visual Studio Solution File, Format Version 12.00
# Visual Studio Version 17
VisualStudioVersion = 17.4.33103.184
MinimumVisualStudioVersion = 10.0.40219.1
Project("{9A19103F-16F7-4668-BE54-9A1E7A4F7556}") = "QuiqBlogTests", "QuiqBlogTests.csproj", "{ADACE8D7-38EE-45C1-8E3E-74A58F3B02D3}"
EndProject
Global
	GlobalSection(SolutionConfigurationPlatforms) = preSolution
		Debug|Any CPU = Debug|Any CPU
		Release|Any CPU = Release|Any CPU
	EndGlobalSection
	GlobalSection(ProjectConfigurationPlatforms) = postSolution
		{ADACE8D7-38EE-45C1-8E3E-74A58F3B02D3}.Debug|Any CPU.ActiveCfg = Debug|Any CPU
		{ADACE8D7-38EE-45C1-8E3E-74A58F3B02D3}.Debug|Any CPU.Build.0 = Debug|Any CPU
		{ADACE8D7-38EE-45C1-8E3E-74A58F3B02D3}.Release|Any CPU.ActiveCfg = Release|Any CPU
		{ADACE8D7-38EE-45C1-8E3E-74A58F3B02D3}.Release|Any CPU.Build.0 = Release|Any CPU
	EndGlobalSection
	GlobalSection(SolutionProperties) = preSolution
		HideSolutionNode = FALSE
	EndGlobalSection
	GlobalSection(ExtensibilityGlobals) = postSolution
		SolutionGuid = {53E787CF-B611-4A06-A87A-12C5F7573267}
	EndGlobalSection
EndGlobal
